// !$*UTF8*$!
{
	archiveVersion = 1;
	classes = {
	};
	objectVersion = 46;
	objects = {

/* Begin PBXBuildFile section */
		BE37D5A51CC850DD00D1728D /* Helpers.swift in Sources */ = {isa = PBXBuildFile; fileRef = BE37D5A41CC850DD00D1728D /* Helpers.swift */; };
		BEBFFF391CC626C500F6F2FE /* AppDelegate.swift in Sources */ = {isa = PBXBuildFile; fileRef = BEBFFF381CC626C500F6F2FE /* AppDelegate.swift */; };
		BEBFFF3B1CC626C500F6F2FE /* ViewController.swift in Sources */ = {isa = PBXBuildFile; fileRef = BEBFFF3A1CC626C500F6F2FE /* ViewController.swift */; };
		BEBFFF3E1CC626C500F6F2FE /* Main.storyboard in Resources */ = {isa = PBXBuildFile; fileRef = BEBFFF3C1CC626C500F6F2FE /* Main.storyboard */; };
		BEBFFF401CC626C500F6F2FE /* Assets.xcassets in Resources */ = {isa = PBXBuildFile; fileRef = BEBFFF3F1CC626C500F6F2FE /* Assets.xcassets */; };
		BEBFFF431CC626C500F6F2FE /* LaunchScreen.storyboard in Resources */ = {isa = PBXBuildFile; fileRef = BEBFFF411CC626C500F6F2FE /* LaunchScreen.storyboard */; };
		BEBFFF4B1CC6B61D00F6F2FE /* DisplayImageViewController.swift in Sources */ = {isa = PBXBuildFile; fileRef = BEBFFF4A1CC6B61D00F6F2FE /* DisplayImageViewController.swift */; };
/* End PBXBuildFile section */

/* Begin PBXFileReference section */
		BE37D5A41CC850DD00D1728D /* Helpers.swift */ = {isa = PBXFileReference; fileEncoding = 4; lastKnownFileType = sourcecode.swift; path = Helpers.swift; sourceTree = "<group>"; };
		BEBFFF351CC626C500F6F2FE /* CameraEditor.app */ = {isa = PBXFileReference; explicitFileType = wrapper.application; includeInIndex = 0; path = CameraEditor.app; sourceTree = BUILT_PRODUCTS_DIR; };
		BEBFFF381CC626C500F6F2FE /* AppDelegate.swift */ = {isa = PBXFileReference; lastKnownFileType = sourcecode.swift; path = AppDelegate.swift; sourceTree = "<group>"; };
		BEBFFF3A1CC626C500F6F2FE /* ViewController.swift */ = {isa = PBXFileReference; lastKnownFileType = sourcecode.swift; path = ViewController.swift; sourceTree = "<group>"; };
		BEBFFF3D1CC626C500F6F2FE /* Base */ = {isa = PBXFileReference; lastKnownFileType = file.storyboard; name = Base; path = Base.lproj/Main.storyboard; sourceTree = "<group>"; };
		BEBFFF3F1CC626C500F6F2FE /* Assets.xcassets */ = {isa = PBXFileReference; lastKnownFileType = folder.assetcatalog; path = Assets.xcassets; sourceTree = "<group>"; };
		BEBFFF421CC626C500F6F2FE /* Base */ = {isa = PBXFileReference; lastKnownFileType = file.storyboard; name = Base; path = Base.lproj/LaunchScreen.storyboard; sourceTree = "<group>"; };
		BEBFFF441CC626C500F6F2FE /* Info.plist */ = {isa = PBXFileReference; lastKnownFileType = text.plist.xml; path = Info.plist; sourceTree = "<group>"; };
		BEBFFF4A1CC6B61D00F6F2FE /* DisplayImageViewController.swift */ = {isa = PBXFileReference; fileEncoding = 4; lastKnownFileType = sourcecode.swift; path = DisplayImageViewController.swift; sourceTree = "<group>"; };
/* End PBXFileReference section */

/* Begin PBXFrameworksBuildPhase section */
		BEBFFF321CC626C500F6F2FE /* Frameworks */ = {
			isa = PBXFrameworksBuildPhase;
			buildActionMask = 2147483647;
			files = (
			);
			runOnlyForDeploymentPostprocessing = 0;
		};
/* End PBXFrameworksBuildPhase section */

/* Begin PBXGroup section */
		BEBFFF2C1CC626C500F6F2FE = {
			isa = PBXGroup;
			children = (
				BEBFFF371CC626C500F6F2FE /* CameraEditor */,
				BEBFFF361CC626C500F6F2FE /* Products */,
			);
			sourceTree = "<group>";
		};
		BEBFFF361CC626C500F6F2FE /* Products */ = {
			isa = PBXGroup;
			children = (
				BEBFFF351CC626C500F6F2FE /* CameraEditor.app */,
			);
			name = Products;
			sourceTree = "<group>";
		};
		BEBFFF371CC626C500F6F2FE /* CameraEditor */ = {
			isa = PBXGroup;
			children = (
				BEBFFF381CC626C500F6F2FE /* AppDelegate.swift */,
				BE37D5A41CC850DD00D1728D /* Helpers.swift */,
				BEBFFF3A1CC626C500F6F2FE /* ViewController.swift */,
				BEBFFF4A1CC6B61D00F6F2FE /* DisplayImageViewController.swift */,
				BEBFFF3C1CC626C500F6F2FE /* Main.storyboard */,
				BEBFFF3F1CC626C500F6F2FE /* Assets.xcassets */,
				BEBFFF411CC626C500F6F2FE /* LaunchScreen.storyboard */,
				BEBFFF441CC626C500F6F2FE /* Info.plist */,
			);
			path = CameraEditor;
			sourceTree = "<group>";
		};
/* End PBXGroup section */

/* Begin PBXNativeTarget section */
		BEBFFF341CC626C500F6F2FE /* CameraEditor */ = {
			isa = PBXNativeTarget;
			buildConfigurationList = BEBFFF471CC626C500F6F2FE /* Build configuration list for PBXNativeTarget "CameraEditor" */;
			buildPhases = (
				BEBFFF311CC626C500F6F2FE /* Sources */,
				BEBFFF321CC626C500F6F2FE /* Frameworks */,
				BEBFFF331CC626C500F6F2FE /* Resources */,
			);
			buildRules = (
			);
			dependencies = (
			);
			name = CameraEditor;
			productName = CameraEditor;
			productReference = BEBFFF351CC626C500F6F2FE /* CameraEditor.app */;
			productType = "com.apple.product-type.application";
		};
/* End PBXNativeTarget section */

/* Begin PBXProject section */
		BEBFFF2D1CC626C500F6F2FE /* Project object */ = {
			isa = PBXProject;
			attributes = {
				LastSwiftUpdateCheck = 0730;
				LastUpgradeCheck = 0730;
				ORGANIZATIONNAME = "Paul Jarysta";
				TargetAttributes = {
					BEBFFF341CC626C500F6F2FE = {
						CreatedOnToolsVersion = 7.3;
					};
				};
			};
			buildConfigurationList = BEBFFF301CC626C500F6F2FE /* Build configuration list for PBXProject "CameraEditor" */;
			compatibilityVersion = "Xcode 3.2";
			developmentRegion = English;
			hasScannedForEncodings = 0;
			knownRegions = (
				en,
				Base,
			);
			mainGroup = BEBFFF2C1CC626C500F6F2FE;
			productRefGroup = BEBFFF361CC626C500F6F2FE /* Products */;
			projectDirPath = "";
			projectRoot = "";
			targets = (
				BEBFFF341CC626C500F6F2FE /* CameraEditor */,
			);
		};
/* End PBXProject section */

/* Begin PBXResourcesBuildPhase section */
		BEBFFF331CC626C500F6F2FE /* Resources */ = {
			isa = PBXResourcesBuildPhase;
			buildActionMask = 2147483647;
			files = (
				BEBFFF431CC626C500F6F2FE /* LaunchScreen.storyboard in Resources */,
				BEBFFF401CC626C500F6F2FE /* Assets.xcassets in Resources */,
				BEBFFF3E1CC626C500F6F2FE /* Main.storyboard in Resources */,
			);
			runOnlyForDeploymentPostprocessing = 0;
		};
/* End PBXResourcesBuildPhase section */

/* Begin PBXSourcesBuildPhase section */
		BEBFFF311CC626C500F6F2FE /* Sources */ = {
			isa = PBXSourcesBuildPhase;
			buildActionMask = 2147483647;
			files = (
				BEBFFF3B1CC626C500F6F2FE /* ViewController.swift in Sources */,
				BEBFFF4B1CC6B61D00F6F2FE /* DisplayImageViewController.swift in Sources */,
				BEBFFF391CC626C500F6F2FE /* AppDelegate.swift in Sources */,
				BE37D5A51CC850DD00D1728D /* Helpers.swift in Sources */,
			);
			runOnlyForDeploymentPostprocessing = 0;
		};
/* End PBXSourcesBuildPhase section */

/* Begin PBXVariantGroup section */
		BEBFFF3C1CC626C500F6F2FE /* Main.storyboard */ = {
			isa = PBXVariantGroup;
			children = (
				BEBFFF3D1CC626C500F6F2FE /* Base */,
			);
			name = Main.storyboard;
			sourceTree = "<group>";
		};
		BEBFFF411CC626C500F6F2FE /* LaunchScreen.storyboard */ = {
			isa = PBXVariantGroup;
			children = (
				BEBFFF421CC626C500F6F2FE /* Base */,
			);
			name = LaunchScreen.storyboard;
			sourceTree = "<group>";
		};
/* End PBXVariantGroup section */

/* Begin XCBuildConfiguration section */
		BEBFFF451CC626C500F6F2FE /* Debug */ = {
			isa = XCBuildConfiguration;
			buildSettings = {
				ALWAYS_SEARCH_USER_PATHS = NO;
				CLANG_ANALYZER_NONNULL = YES;
				CLANG_CXX_LANGUAGE_STANDARD = "gnu++0x";
				CLANG_CXX_LIBRARY = "libc++";
				CLANG_ENABLE_MODULES = YES;
				CLANG_ENABLE_OBJC_ARC = YES;
				CLANG_WARN_BOOL_CONVERSION = YES;
				CLANG_WARN_CONSTANT_CONVERSION = YES;
				CLANG_WARN_DIRECT_OBJC_ISA_USAGE = YES_ERROR;
				CLANG_WARN_EMPTY_BODY = YES;
				CLANG_WARN_ENUM_CONVERSION = YES;
				CLANG_WARN_INT_CONVERSION = YES;
				CLANG_WARN_OBJC_ROOT_CLASS = YES_ERROR;
				CLANG_WARN_UNREACHABLE_CODE = YES;
				CLANG_WARN__DUPLICATE_METHOD_MATCH = YES;
				"CODE_SIGN_IDENTITY[sdk=iphoneos*]" = "iPhone Developer";
				COPY_PHASE_STRIP = NO;
				DEBUG_INFORMATION_FORMAT = dwarf;
				ENABLE_STRICT_OBJC_MSGSEND = YES;
				ENABLE_TESTABILITY = YES;
				GCC_C_LANGUAGE_STANDARD = gnu99;
				GCC_DYNAMIC_NO_PIC = NO;
				GCC_NO_COMMON_BLOCKS = YES;
				GCC_OPTIMIZATION_LEVEL = 0;
				GCC_PREPROCESSOR_DEFINITIONS = (
					"DEBUG=1",
					"$(inherited)",
				);
				GCC_WARN_64_TO_32_BIT_CONVERSION = YES;
				GCC_WARN_ABOUT_RETURN_TYPE = YES_ERROR;
				GCC_WARN_UNDECLARED_SELECTOR = YES;
				GCC_WARN_UNINITIALIZED_AUTOS = YES_AGGRESSIVE;
				GCC_WARN_UNUSED_FUNCTION = YES;
				GCC_WARN_UNUSED_VARIABLE = YES;
				IPHONEOS_DEPLOYMENT_TARGET = 9.3;
				MTL_ENABLE_DEBUG_INFO = YES;
				ONLY_ACTIVE_ARCH = YES;
				SDKROOT = iphoneos;
				SWIFT_OPTIMIZATION_LEVEL = "-Onone";
			};
			name = Debug;
		};
		BEBFFF461CC626C500F6F2FE /* Release */ = {
			isa = XCBuildConfiguration;
			buildSettings = {
				ALWAYS_SEARCH_USER_PATHS = NO;
				CLANG_ANALYZER_NONNULL = YES;
				CLANG_CXX_LANGUAGE_STANDARD = "gnu++0x";
				CLANG_CXX_LIBRARY = "libc++";
				CLANG_ENABLE_MODULES = YES;
				CLANG_ENABLE_OBJC_ARC = YES;
				CLANG_WARN_BOOL_CONVERSION = YES;
				CLANG_WARN_CONSTANT_CONVERSION = YES;
				CLANG_WARN_DIRECT_OBJC_ISA_USAGE = YES_ERROR;
				CLANG_WARN_EMPTY_BODY = YES;
				CLANG_WARN_ENUM_CONVERSION = YES;
				CLANG_WARN_INT_CONVERSION = YES;
				CLANG_WARN_OBJC_ROOT_CLASS = YES_ERROR;
				CLANG_WARN_UNREACHABLE_CODE = YES;
				CLANG_WARN__DUPLICATE_METHOD_MATCH = YES;
				"CODE_SIGN_IDENTITY[sdk=iphoneos*]" = "iPhone Developer";
				COPY_PHASE_STRIP = NO;
				DEBUG_INFORMATION_FORMAT = "dwarf-with-dsym";
				ENABLE_NS_ASSERTIONS = NO;
				ENABLE_STRICT_OBJC_MSGSEND = YES;
				GCC_C_LANGUAGE_STANDARD = gnu99;
				GCC_NO_COMMON_BLOCKS = YES;
				GCC_WARN_64_TO_32_BIT_CONVERSION = YES;
				GCC_WARN_ABOUT_RETURN_TYPE = YES_ERROR;
				GCC_WARN_UNDECLARED_SELECTOR = YES;
				GCC_WARN_UNINITIALIZED_AUTOS = YES_AGGRESSIVE;
				GCC_WARN_UNUSED_FUNCTION = YES;
				GCC_WARN_UNUSED_VARIABLE = YES;
				IPHONEOS_DEPLOYMENT_TARGET = 9.3;
				MTL_ENABLE_DEBUG_INFO = NO;
				SDKROOT = iphoneos;
				VALIDATE_PRODUCT = YES;
			};
			name = Release;
		};
		BEBFFF481CC626C500F6F2FE /* Debug */ = {
			isa = XCBuildConfiguration;
			buildSettings = {
				ASSETCATALOG_COMPILER_APPICON_NAME = AppIcon;
				INFOPLIST_FILE = CameraEditor/Info.plist;
				LD_RUNPATH_SEARCH_PATHS = "$(inherited) @executable_path/Frameworks";
				PRODUCT_BUNDLE_IDENTIFIER = com.pauljarysta.CameraEditor;
				PRODUCT_NAME = "$(TARGET_NAME)";
			};
			name = Debug;
		};
		BEBFFF491CC626C500F6F2FE /* Release */ = {
			isa = XCBuildConfiguration;
			buildSettings = {
				ASSETCATALOG_COMPILER_APPICON_NAME = AppIcon;
				INFOPLIST_FILE = CameraEditor/Info.plist;
				LD_RUNPATH_SEARCH_PATHS = "$(inherited) @executable_path/Frameworks";
				PRODUCT_BUNDLE_IDENTIFIER = com.pauljarysta.CameraEditor;
				PRODUCT_NAME = "$(TARGET_NAME)";
			};
			name = Release;
		};
/* End XCBuildConfiguration section */

/* Begin XCConfigurationList section */
		BEBFFF301CC626C500F6F2FE /* Build configuration list for PBXProject "CameraEditor" */ = {
			isa = XCConfigurationList;
			buildConfigurations = (
				BEBFFF451CC626C500F6F2FE /* Debug */,
				BEBFFF461CC626C500F6F2FE /* Release */,
			);
			defaultConfigurationIsVisible = 0;
			defaultConfigurationName = Release;
		};
		BEBFFF471CC626C500F6F2FE /* Build configuration list for PBXNativeTarget "CameraEditor" */ = {
			isa = XCConfigurationList;
			buildConfigurations = (
				BEBFFF481CC626C500F6F2FE /* Debug */,
				BEBFFF491CC626C500F6F2FE /* Release */,
			);
			defaultConfigurationIsVisible = 0;
			defaultConfigurationName = Release;
		};
/* End XCConfigurationList section */
	};
	rootObject = BEBFFF2D1CC626C500F6F2FE /* Project object */;
}
